
Microsoft Visual Studio Solution File, Format Version 12.00
# 
Project("{FAE04EC0-301F-11D3-BF4B-00C04F79EFBC}") = "R3Polska.Sse.Mercure", "R3Polska.Sse.Mercure\R3Polska.Sse.Mercure.csproj", "{0056485C-B54E-4728-A456-21EE5D641190}"
EndProject
Project("{FAE04EC0-301F-11D3-BF4B-00C04F79EFBC}") = "R3Polska.Sse.Mercure.Tests", "R3Polska.Sse.Mercure.Tests\R3Polska.Sse.Mercure.Tests.csproj", "{7742899A-1EAC-4427-BCC0-9D18699FEA55}"
EndProject
Global
	GlobalSection(SolutionConfigurationPlatforms) = preSolution
		Debug|Any CPU = Debug|Any CPU
		Release|Any CPU = Release|Any CPU
	EndGlobalSection
	GlobalSection(ProjectConfigurationPlatforms) = postSolution
		{0056485C-B54E-4728-A456-21EE5D641190}.Debug|Any CPU.ActiveCfg = Debug|Any CPU
		{0056485C-B54E-4728-A456-21EE5D641190}.Debug|Any CPU.Build.0 = Debug|Any CPU
		{0056485C-B54E-4728-A456-21EE5D641190}.Release|Any CPU.ActiveCfg = Release|Any CPU
		{0056485C-B54E-4728-A456-21EE5D641190}.Release|Any CPU.Build.0 = Release|Any CPU
		{7742899A-1EAC-4427-BCC0-9D18699FEA55}.Debug|Any CPU.ActiveCfg = Debug|Any CPU
		{7742899A-1EAC-4427-BCC0-9D18699FEA55}.Debug|Any CPU.Build.0 = Debug|Any CPU
		{7742899A-1EAC-4427-BCC0-9D18699FEA55}.Release|Any CPU.ActiveCfg = Release|Any CPU
		{7742899A-1EAC-4427-BCC0-9D18699FEA55}.Release|Any CPU.Build.0 = Release|Any CPU
	EndGlobalSection
EndGlobal
